
Microsoft Visual Studio Solution File, Format Version 12.00
# Visual Studio Version 17
VisualStudioVersion = 17.14.36429.23 d17.14
MinimumVisualStudioVersion = 10.0.40219.1
Project("{8BC9CEB8-8B4A-11D0-8D11-00A0C91BC942}") = "3-2", "3-2\3-2.vcxproj", "{91A56290-5D91-4171-908D-B4D9C6A28C28}"
EndProject
Global
	GlobalSection(SolutionConfigurationPlatforms) = preSolution
		Debug|x64 = Debug|x64
		Debug|x86 = Debug|x86
		Release|x64 = Release|x64
		Release|x86 = Release|x86
	EndGlobalSection
	GlobalSection(ProjectConfigurationPlatforms) = postSolution
		{91A56290-5D91-4171-908D-B4D9C6A28C28}.Debug|x64.ActiveCfg = Debug|x64
		{91A56290-5D91-4171-908D-B4D9C6A28C28}.Debug|x64.Build.0 = Debug|x64
		{91A56290-5D91-4171-908D-B4D9C6A28C28}.Debug|x86.ActiveCfg = Debug|Win32
		{91A56290-5D91-4171-908D-B4D9C6A28C28}.Debug|x86.Build.0 = Debug|Win32
		{91A56290-5D91-4171-908D-B4D9C6A28C28}.Release|x64.ActiveCfg = Release|x64
		{91A56290-5D91-4171-908D-B4D9C6A28C28}.Release|x64.Build.0 = Release|x64
		{91A56290-5D91-4171-908D-B4D9C6A28C28}.Release|x86.ActiveCfg = Release|Win32
		{91A56290-5D91-4171-908D-B4D9C6A28C28}.Release|x86.Build.0 = Release|Win32
	EndGlobalSection
	GlobalSection(SolutionProperties) = preSolution
		HideSolutionNode = FALSE
	EndGlobalSection
	GlobalSection(ExtensibilityGlobals) = postSolution
		SolutionGuid = {9A7813BE-C278-49BA-97CF-6EE0059DE3F5}
	EndGlobalSection
EndGlobal
