
Microsoft Visual Studio Solution File, Format Version 12.00
# Visual Studio Version 17
VisualStudioVersion = 17.10.34928.147
MinimumVisualStudioVersion = 10.0.40219.1
Project("{8BC9CEB8-8B4A-11D0-8D11-00A0C91BC942}") = "Pointers and Dynamic Objects - 2 과제 2", "Pointers and Dynamic Objects - 2 과제 2\Pointers and Dynamic Objects - 2 과제 2.vcxproj", "{846A769B-D64C-4FD7-ACE6-4318D4BE637D}"
EndProject
Global
	GlobalSection(SolutionConfigurationPlatforms) = preSolution
		Debug|x64 = Debug|x64
		Debug|x86 = Debug|x86
		Release|x64 = Release|x64
		Release|x86 = Release|x86
	EndGlobalSection
	GlobalSection(ProjectConfigurationPlatforms) = postSolution
		{846A769B-D64C-4FD7-ACE6-4318D4BE637D}.Debug|x64.ActiveCfg = Debug|x64
		{846A769B-D64C-4FD7-ACE6-4318D4BE637D}.Debug|x64.Build.0 = Debug|x64
		{846A769B-D64C-4FD7-ACE6-4318D4BE637D}.Debug|x86.ActiveCfg = Debug|Win32
		{846A769B-D64C-4FD7-ACE6-4318D4BE637D}.Debug|x86.Build.0 = Debug|Win32
		{846A769B-D64C-4FD7-ACE6-4318D4BE637D}.Release|x64.ActiveCfg = Release|x64
		{846A769B-D64C-4FD7-ACE6-4318D4BE637D}.Release|x64.Build.0 = Release|x64
		{846A769B-D64C-4FD7-ACE6-4318D4BE637D}.Release|x86.ActiveCfg = Release|Win32
		{846A769B-D64C-4FD7-ACE6-4318D4BE637D}.Release|x86.Build.0 = Release|Win32
	EndGlobalSection
	GlobalSection(SolutionProperties) = preSolution
		HideSolutionNode = FALSE
	EndGlobalSection
	GlobalSection(ExtensibilityGlobals) = postSolution
		SolutionGuid = {E4A32FC2-538A-4366-A589-33B75D61CBA8}
	EndGlobalSection
EndGlobal
